Microsoft Visual Studio Solution File, Format Version 12.00
# Visual Studio 15
VisualStudioVersion = 15.0.27703.2035
MinimumVisualStudioVersion = 10.0.40219.1
Project("{9A19103F-16F7-4668-BE54-9A1E7A4F7556}") = "telegen", "telegen\telegen.csproj", "{6EE2006D-DA78-4D50-9A51-028782AD93F4}"
EndProject
Project("{2150E333-8FDC-42A3-9474-1A3956D46DE8}") = "Tests", "Tests", "{CA5AF5A7-21C7-419B-8EF0-C881A649E1EF}"
EndProject
Project("{9A19103F-16F7-4668-BE54-9A1E7A4F7556}") = "telegen.Tests", "telegen.Tests\telegen.Tests.csproj", "{75FDCDB4-AC08-4231-9BFD-275036C7288C}"
EndProject
Project("{2150E333-8FDC-42A3-9474-1A3956D46DE8}") = "About", "About", "{3D4493AF-3D9B-49EA-BF1F-3AF758CA0DB0}"
	ProjectSection(SolutionItems) = preProject
		README.md = README.md
	EndProjectSection
EndProject
Global
	GlobalSection(SolutionConfigurationPlatforms) = preSolution
		Debug|Any CPU = Debug|Any CPU
		Release|Any CPU = Release|Any CPU
	EndGlobalSection
	GlobalSection(ProjectConfigurationPlatforms) = postSolution
		{6EE2006D-DA78-4D50-9A51-028782AD93F4}.Debug|Any CPU.ActiveCfg = Debug|Any CPU
		{6EE2006D-DA78-4D50-9A51-028782AD93F4}.Debug|Any CPU.Build.0 = Debug|Any CPU
		{6EE2006D-DA78-4D50-9A51-028782AD93F4}.Release|Any CPU.ActiveCfg = Release|Any CPU
		{6EE2006D-DA78-4D50-9A51-028782AD93F4}.Release|Any CPU.Build.0 = Release|Any CPU
		{75FDCDB4-AC08-4231-9BFD-275036C7288C}.Debug|Any CPU.ActiveCfg = Debug|Any CPU
		{75FDCDB4-AC08-4231-9BFD-275036C7288C}.Debug|Any CPU.Build.0 = Debug|Any CPU
		{75FDCDB4-AC08-4231-9BFD-275036C7288C}.Release|Any CPU.ActiveCfg = Release|Any CPU
		{75FDCDB4-AC08-4231-9BFD-275036C7288C}.Release|Any CPU.Build.0 = Release|Any CPU
	EndGlobalSection
	GlobalSection(SolutionProperties) = preSolution
		HideSolutionNode = FALSE
	EndGlobalSection
	GlobalSection(NestedProjects) = preSolution
		{75FDCDB4-AC08-4231-9BFD-275036C7288C} = {CA5AF5A7-21C7-419B-8EF0-C881A649E1EF}
	EndGlobalSection
	GlobalSection(ExtensibilityGlobals) = postSolution
		SolutionGuid = {58A71296-6F93-41D0-865F-9BC8E2AAD11E}
	EndGlobalSection
	GlobalSection(MonoDevelopProperties) = preSolution
		version = 0.1.1
		Policies = $0
		$0.DotNetNamingPolicy = $1
		$1.DirectoryNamespaceAssociation = PrefixedHierarchical
		$0.VersionControlPolicy = $2
	EndGlobalSection
EndGlobal
